<?xml version="1.0" encoding="utf-8"?>
<Project ToolsVersion="4.0" xmlns="http://schemas.microsoft.com/developer/msbuild/2003">
  <ItemGroup>
    <Filter Include="소스 파일">
      <UniqueIdentifier>{4FC737F1-C7A5-4376-A066-2A32D752A2FF}</UniqueIdentifier>
      <Extensions>cpp;c;cc;cxx;c++;cppm;ixx;def;odl;idl;hpj;bat;asm;asmx</Extensions>
    </Filter>
    <Filter Include="헤더 파일">
      <UniqueIdentifier>{93995380-89BD-4b04-88EB-625FBE52EBFB}</UniqueIdentifier>
      <Extensions>h;hh;hpp;hxx;h++;hm;inl;inc;ipp;xsd</Extensions>
    </Filter>
    <Filter Include="리소스 파일">
      <UniqueIdentifier>{67DA6AB6-F800-4c08-8B7A-83BB121AAD01}</UniqueIdentifier>
      <Extensions>rc;ico;cur;bmp;dlg;rc2;rct;bin;rgs;gif;jpg;jpeg;jpe;resx;tiff;tif;png;wav;mfcribbon-ms</Extensions>
    </Filter>
  </ItemGroup>
  <ItemGroup>
    <ClCompile Include="main.cpp">
      <Filter>소스 파일</Filter>
    </ClCompile>
    <ClCompile Include="GSM\GameStateManager.cpp">
      <Filter>소스 파일</Filter>
    </ClCompile>
    <ClCompile Include="GameObject\GameObject.cpp">
      <Filter>소스 파일</Filter>
    </ClCompile>
    <ClCompile Include="ComponentManager\LogicComponent.cpp">
      <Filter>소스 파일</Filter>
    </ClCompile>
    <ClCompile Include="Components\TransformComp.cpp">
      <Filter>소스 파일</Filter>
    </ClCompile>
    <ClCompile Include="Components\SpriteComp.cpp">
      <Filter>소스 파일</Filter>
    </ClCompile>
    <ClCompile Include="ComponentManager\GraphicComponent.cpp">
      <Filter>소스 파일</Filter>
    </ClCompile>
    <ClCompile Include="Components\PlayerComp.cpp">
      <Filter>소스 파일</Filter>
    </ClCompile>
    <ClCompile Include="Components\RigidbodyComp.cpp">
      <Filter>소스 파일</Filter>
    </ClCompile>
    <ClCompile Include="Components\AudioComp.cpp">
      <Filter>소스 파일</Filter>
    </ClCompile>
    <ClCompile Include="ComponentManager\EngineComponent.cpp">
      <Filter>소스 파일</Filter>
    </ClCompile>
    <ClCompile Include="EventManager\EventManager.cpp">
      <Filter>소스 파일</Filter>
    </ClCompile>
    <ClCompile Include="Event\Event.cpp">
      <Filter>소스 파일</Filter>
    </ClCompile>
    <ClCompile Include="Resource\Resource.cpp">
      <Filter>소스 파일</Filter>
    </ClCompile>
    <ClCompile Include="Resource\TextureResource.cpp">
      <Filter>소스 파일</Filter>
    </ClCompile>
    <ClCompile Include="ResourceManager\ResourceManager.cpp">
      <Filter>소스 파일</Filter>
    </ClCompile>
    <ClCompile Include="Resource\AudioResource.cpp">
      <Filter>소스 파일</Filter>
    </ClCompile>
    <ClCompile Include="RTTI\Registry.cpp">
      <Filter>소스 파일</Filter>
    </ClCompile>
    <ClCompile Include="Serializer\Serializer.cpp">
      <Filter>소스 파일</Filter>
    </ClCompile>
    <ClCompile Include="GameObjectManager\GameObejectManager.cpp">
      <Filter>소스 파일</Filter>
    </ClCompile>
    <ClCompile Include="Prefab\Prefab.cpp">
      <Filter>소스 파일</Filter>
    </ClCompile>
    <ClCompile Include="CollisionManager\CollisionManager.cpp">
      <Filter>소스 파일</Filter>
    </ClCompile>
    <ClCompile Include="Components\AnimatorComp.cpp">
      <Filter>소스 파일</Filter>
    </ClCompile>
    <ClCompile Include="Animation\Animation.cpp">
      <Filter>소스 파일</Filter>
    </ClCompile>
    <ClCompile Include="Utils\Utils.cpp">
      <Filter>소스 파일</Filter>
    </ClCompile>
    <ClCompile Include="Level\PrefabLevel.cpp">
      <Filter>소스 파일</Filter>
    </ClCompile>
    <ClCompile Include="Level\NormalLevel.cpp">
      <Filter>소스 파일</Filter>
    </ClCompile>
    <ClCompile Include="Shop\Shop.cpp">
      <Filter>소스 파일</Filter>
    </ClCompile>
    <ClCompile Include="Components\ColliderComp.cpp">
      <Filter>소스 파일</Filter>
    </ClCompile>
    <ClCompile Include="Level\Menu.cpp">
      <Filter>소스 파일</Filter>
    </ClCompile>
    <ClCompile Include="Combat\Projectile.cpp">
      <Filter>소스 파일</Filter>
    </ClCompile>
    <ClCompile Include="Combat\Combat.cpp">
      <Filter>소스 파일</Filter>
    </ClCompile>
    <ClCompile Include="Level\CombatLevel.cpp">
      <Filter>소스 파일</Filter>
    </ClCompile>
    <ClCompile Include="Components\ButtonComp.cpp">
      <Filter>소스 파일</Filter>
    </ClCompile>
    <ClCompile Include="UIM\BtnManager.cpp">
      <Filter>소스 파일</Filter>
    </ClCompile>
    <ClCompile Include="UI\CombatUI.cpp">
      <Filter>소스 파일</Filter>
    </ClCompile>
    <ClCompile Include="UI\StoreUI.cpp">
      <Filter>소스 파일</Filter>
    </ClCompile>
    <ClCompile Include="Particle\Particle.cpp">
      <Filter>소스 파일</Filter>
    </ClCompile>
    <ClCompile Include="Components\LifetimeComp.cpp">
      <Filter>소스 파일</Filter>
    </ClCompile>
    <ClCompile Include="Event\ButtonClickEvent.cpp">
      <Filter>소스 파일</Filter>
    </ClCompile>
    <ClCompile Include="UI\CombatUI.cpp">
      <Filter>소스 파일</Filter>
    </ClCompile>
    <ClCompile Include="UI\StoreUI.cpp">
      <Filter>소스 파일</Filter>
    </ClCompile>
    <ClCompile Include="Data\Data.cpp">
      <Filter>소스 파일</Filter>
    </ClCompile>
    <ClCompile Include="Components\EnemyComp.cpp">
      <Filter>소스 파일</Filter>
    </ClCompile>
    <ClCompile Include="Utils\Vec3.cpp">
      <Filter>소스 파일</Filter>
    </ClCompile>
    <ClCompile Include="Background\Background.cpp">
      <Filter>소스 파일</Filter>
    </ClCompile>
    <ClCompile Include="Components\UIComp.cpp">
      <Filter>소스 파일</Filter>
    </ClCompile>
    <ClCompile Include="Level\ClearLevel.cpp">
      <Filter>소스 파일</Filter>
    </ClCompile>
    <ClCompile Include="Level\OverLevel.cpp">
      <Filter>소스 파일</Filter>
    </ClCompile>
    <ClCompile Include="Components\SubtitleComp.cpp">
      <Filter>소스 파일</Filter>
    </ClCompile>
    <ClCompile Include="Level\LogoLevel.cpp">
      <Filter>소스 파일</Filter>
    </ClCompile>
    <ClCompile Include="Tile\Tile.cpp">
      <Filter>소스 파일</Filter>
    </ClCompile>
    <ClCompile Include="Camera\Camera.cpp">
      <Filter>소스 파일</Filter>
    </ClCompile>
  </ItemGroup>
  <ItemGroup>
    <ClInclude Include="GSM\GameStateManager.h">
      <Filter>헤더 파일</Filter>
    </ClInclude>
    <ClInclude Include="ComponentManager\BaseComponent.h">
      <Filter>헤더 파일</Filter>
    </ClInclude>
    <ClInclude Include="ComponentManager\ComponentManager.h">
      <Filter>헤더 파일</Filter>
    </ClInclude>
    <ClInclude Include="GameObject\GameObject.h">
      <Filter>헤더 파일</Filter>
    </ClInclude>
    <ClInclude Include="ComponentManager\LogicComponent.h">
      <Filter>헤더 파일</Filter>
    </ClInclude>
    <ClInclude Include="Components\TransformComp.h">
      <Filter>헤더 파일</Filter>
    </ClInclude>
    <ClInclude Include="Components\SpriteComp.h">
      <Filter>헤더 파일</Filter>
    </ClInclude>
    <ClInclude Include="ComponentManager\GraphicComponent.h">
      <Filter>헤더 파일</Filter>
    </ClInclude>
    <ClInclude Include="Components\PlayerComp.h">
      <Filter>헤더 파일</Filter>
    </ClInclude>
    <ClInclude Include="Components\RigidbodyComp.h">
      <Filter>헤더 파일</Filter>
    </ClInclude>
    <ClInclude Include="Components\AudioComp.h">
      <Filter>헤더 파일</Filter>
    </ClInclude>
    <ClInclude Include="ComponentManager\EngineComponent.h">
      <Filter>헤더 파일</Filter>
    </ClInclude>
    <ClInclude Include="EventManager\EventManager.h">
      <Filter>헤더 파일</Filter>
    </ClInclude>
    <ClInclude Include="Event\Event.h">
      <Filter>헤더 파일</Filter>
    </ClInclude>
    <ClInclude Include="Event\CollisionEvent.h">
      <Filter>헤더 파일</Filter>
    </ClInclude>
    <ClInclude Include="ResourceManager\ResourceManager.h">
      <Filter>헤더 파일</Filter>
    </ClInclude>
    <ClInclude Include="Resource\Resource.h">
      <Filter>헤더 파일</Filter>
    </ClInclude>
    <ClInclude Include="Resource\TextureResource.h">
      <Filter>헤더 파일</Filter>
    </ClInclude>
    <ClInclude Include="Resource\AudioResource.h">
      <Filter>헤더 파일</Filter>
    </ClInclude>
    <ClInclude Include="RTTI\BaseRTTI.h">
      <Filter>헤더 파일</Filter>
    </ClInclude>
    <ClInclude Include="RTTI\Registry.h">
      <Filter>헤더 파일</Filter>
    </ClInclude>
    <ClInclude Include="Serializer\Serializer.h">
      <Filter>헤더 파일</Filter>
    </ClInclude>
    <ClInclude Include="GameObjectManager\GameObjectManager.h">
      <Filter>헤더 파일</Filter>
    </ClInclude>
    <ClInclude Include="Level\BaseLevel.h">
      <Filter>헤더 파일</Filter>
    </ClInclude>
    <ClInclude Include="Prefab\Prefab.h">
      <Filter>헤더 파일</Filter>
    </ClInclude>
    <ClInclude Include="CollisionManager\CollisionManager.h">
      <Filter>헤더 파일</Filter>
    </ClInclude>
    <ClInclude Include="Components\AnimatorComp.h">
      <Filter>헤더 파일</Filter>
    </ClInclude>
    <ClInclude Include="Animation\Animation.h">
      <Filter>헤더 파일</Filter>
    </ClInclude>
    <ClInclude Include="Utils\Utils.h">
      <Filter>헤더 파일</Filter>
    </ClInclude>
    <ClInclude Include="Map\Map.h">
      <Filter>헤더 파일</Filter>
    </ClInclude>
    <ClInclude Include="Event\SuperModeEvent.h">
      <Filter>헤더 파일</Filter>
    </ClInclude>
    <ClInclude Include="Utils\Size.h">
      <Filter>헤더 파일</Filter>
    </ClInclude>
    <ClInclude Include="Level\PrefabLevel.h">
      <Filter>헤더 파일</Filter>
    </ClInclude>
    <ClInclude Include="Level\NormalLevel.h">
      <Filter>헤더 파일</Filter>
    </ClInclude>
    <ClInclude Include="Shop\Shop.h">
      <Filter>헤더 파일</Filter>
    </ClInclude>
    <ClInclude Include="Utils\Direction.h">
      <Filter>헤더 파일</Filter>
    </ClInclude>
    <ClInclude Include="Components\ColliderComp.h">
      <Filter>헤더 파일</Filter>
    </ClInclude>
    <ClInclude Include="Components.h">
      <Filter>헤더 파일</Filter>
    </ClInclude>
    <ClInclude Include="Event\Entity.h">
      <Filter>헤더 파일</Filter>
    </ClInclude>
    <ClInclude Include="Level\Menu.h">
      <Filter>헤더 파일</Filter>
    </ClInclude>
    <ClInclude Include="Combat\Projectile.h">
      <Filter>헤더 파일</Filter>
    </ClInclude>
    <ClInclude Include="Combat\Combat.h">
      <Filter>헤더 파일</Filter>
    </ClInclude>
    <ClInclude Include="Level\CombatLevel.h">
      <Filter>헤더 파일</Filter>
    </ClInclude>
    <ClInclude Include="Event\ButtonClickEvent.h">
      <Filter>헤더 파일</Filter>
    </ClInclude>
    <ClInclude Include="Event\DestroyEvent.h">
      <Filter>헤더 파일</Filter>
    </ClInclude>
    <ClInclude Include="Event\DeathEvent.h">
      <Filter>헤더 파일</Filter>
    </ClInclude>
    <ClInclude Include="Event\RestartEvent.h">
      <Filter>헤더 파일</Filter>
    </ClInclude>
    <ClInclude Include="Particle\Particle.h">
      <Filter>헤더 파일</Filter>
    </ClInclude>
    <ClInclude Include="Components\LifetimeComp.h">
      <Filter>헤더 파일</Filter>
    </ClInclude>
    <ClInclude Include="Event\Button.h">
      <Filter>헤더 파일</Filter>
    </ClInclude>
    <ClInclude Include="Event\ButtonClickEvent.h">
      <Filter>헤더 파일</Filter>
    </ClInclude>
    <ClInclude Include="Event\DestroyEvent.h">
      <Filter>헤더 파일</Filter>
    </ClInclude>
    <ClInclude Include="Event\DeathEvent.h">
      <Filter>헤더 파일</Filter>
    </ClInclude>
    <ClInclude Include="Event\RestartEvent.h">
      <Filter>헤더 파일</Filter>
    </ClInclude>
    <ClInclude Include="Components\ButtonComp.h">
      <Filter>헤더 파일</Filter>
    </ClInclude>
    <ClInclude Include="Components\EnemyComp.h">
      <Filter>헤더 파일</Filter>
    </ClInclude>
    <ClInclude Include="Data\Data.h">
      <Filter>헤더 파일</Filter>
    </ClInclude>
    <ClInclude Include="Data\DataManager.h">
      <Filter>헤더 파일</Filter>
    </ClInclude>
    <ClInclude Include="UIM\BtnManager.h">
      <Filter>헤더 파일</Filter>
    </ClInclude>
    <ClInclude Include="UI\CombatUI.h">
      <Filter>헤더 파일</Filter>
    </ClInclude>
    <ClInclude Include="UI\StoreUI.h">
      <Filter>헤더 파일</Filter>
    </ClInclude>
    <ClInclude Include="Utils\Vec3.h">
      <Filter>헤더 파일</Filter>
    </ClInclude>
    <ClInclude Include="Background\Background.h">
      <Filter>헤더 파일</Filter>
    </ClInclude>
    <ClInclude Include="Components\UIComp.h">
      <Filter>헤더 파일</Filter>
    </ClInclude>
    <ClInclude Include="Components\SubtitleComp.h">
      <Filter>헤더 파일</Filter>
    </ClInclude>
    <ClInclude Include="Level\ClearLevel.h">
      <Filter>헤더 파일</Filter>
    </ClInclude>
    <ClInclude Include="Level\OverLevel.h">
      <Filter>헤더 파일</Filter>
    </ClInclude>
    <ClInclude Include="Level\LogoLevel.h">
      <Filter>헤더 파일</Filter>
    </ClInclude>
    <ClInclude Include="Tile\Tile.h">
      <Filter>헤더 파일</Filter>
    </ClInclude>
    <ClInclude Include="Camera\Camera.h">
      <Filter>헤더 파일</Filter>
    </ClInclude>
  </ItemGroup>
  <ItemGroup>
    <None Include="ComponentManager\ComponentManager.inl">
      <Filter>헤더 파일</Filter>
    </None>
    <None Include="GameObject\GameObject.inl">
      <Filter>헤더 파일</Filter>
    </None>
    <None Include="cpp.hint" />
    <None Include="EventManager\EventManager.inl">
      <Filter>헤더 파일</Filter>
    </None>
    <None Include="ResourceManager\ResourceManager.inl">
      <Filter>헤더 파일</Filter>
    </None>
    <None Include="Assets\Level\test1.lvl" />
    <None Include="Assets\Level\test10.lvl" />
    <None Include="Assets\Level\test2.lvl" />
    <None Include="Assets\Level\test3.lvl" />
    <None Include="Assets\Level\test4.lvl" />
    <None Include="Assets\Level\test5.lvl" />
    <None Include="Assets\Level\test6.lvl" />
    <None Include="Assets\Level\test7.lvl" />
    <None Include="Assets\Level\test8.lvl" />
    <None Include="Assets\Level\test9.lvl" />
    <None Include="Assets\Prefab\Background.prefab" />
    <None Include="Assets\Prefab\DirectionArrow.prefab" />
    <None Include="Assets\Prefab\Enemy.prefab" />
    <None Include="Assets\Prefab\LeftTri.prefab" />
    <None Include="Assets\Prefab\LeftTri_R_DECO.prefab" />
    <None Include="Assets\Prefab\Player.prefab" />
    <None Include="Assets\Prefab\RightTri.prefab" />
    <None Include="Assets\Prefab\RightTri_R_DECO.prefab" />
    <None Include="Assets\Prefab\Square.prefab" />
    <None Include="Assets\Prefab\Square_DECO.prefab" />
    <None Include="Assets\UI\huntress.webp" />
    <None Include="Assets\UI\Storebg.webp" />
  </ItemGroup>
  <ItemGroup>
    <Media Include="Assets\Audio\BGM.mp3" />
  </ItemGroup>
  <ItemGroup>
    <Image Include="Assets\Background\Background.png">
      <Filter>리소스 파일</Filter>
    </Image>
    <Image Include="Assets\Background\BG1.png">
      <Filter>리소스 파일</Filter>
    </Image>
    <Image Include="Assets\Background\BG2.png">
      <Filter>리소스 파일</Filter>
    </Image>
    <Image Include="Assets\Background\BG3.png">
      <Filter>리소스 파일</Filter>
    </Image>
    <Image Include="Assets\Background\BG4.png">
      <Filter>리소스 파일</Filter>
    </Image>
    <Image Include="Assets\Background\BG5.png">
      <Filter>리소스 파일</Filter>
    </Image>
    <Image Include="Assets\Background\BG6.png">
      <Filter>리소스 파일</Filter>
    </Image>
    <Image Include="Assets\Background\BG7.png">
      <Filter>리소스 파일</Filter>
    </Image>
    <Image Include="Assets\Background\BG8.png">
      <Filter>리소스 파일</Filter>
    </Image>
    <Image Include="Assets\PlanetTexture.png">
      <Filter>리소스 파일</Filter>
    </Image>
    <Image Include="Assets\Tile\FallGrassTileLeftTri.png">
      <Filter>리소스 파일</Filter>
    </Image>
    <Image Include="Assets\Tile\FallGrassTileRect.png">
      <Filter>리소스 파일</Filter>
    </Image>
    <Image Include="Assets\Tile\FallGrassTileRightTri.png">
      <Filter>리소스 파일</Filter>
    </Image>
    <Image Include="Assets\Tile\SnowTileLeftTri.png">
      <Filter>리소스 파일</Filter>
    </Image>
    <Image Include="Assets\Tile\SnowTileRect.png">
      <Filter>리소스 파일</Filter>
    </Image>
    <Image Include="Assets\Tile\SnowTileRightTri.png">
      <Filter>리소스 파일</Filter>
    </Image>
    <Image Include="Assets\Tile\SpringGrassTileLeftTri.png">
      <Filter>리소스 파일</Filter>
    </Image>
    <Image Include="Assets\Tile\SpringGrassTileRect.png">
      <Filter>리소스 파일</Filter>
    </Image>
    <Image Include="Assets\Tile\SpringGrassTileRightTri.png">
      <Filter>리소스 파일</Filter>
    </Image>
    <Image Include="Assets\UI\Angle.png">
      <Filter>리소스 파일</Filter>
    </Image>
    <Image Include="Assets\UI\Arrow.png">
      <Filter>리소스 파일</Filter>
    </Image>
    <Image Include="Assets\UI\AttackUp.png">
      <Filter>리소스 파일</Filter>
    </Image>
    <Image Include="Assets\UI\AttackUp2.png">
      <Filter>리소스 파일</Filter>
    </Image>
    <Image Include="Assets\UI\DefenseUp.png">
      <Filter>리소스 파일</Filter>
    </Image>
    <Image Include="Assets\UI\Frame.png">
      <Filter>리소스 파일</Filter>
    </Image>
    <Image Include="Assets\UI\fullpotion.png">
      <Filter>리소스 파일</Filter>
    </Image>
    <Image Include="Assets\UI\GAUGE_BOARD.png">
      <Filter>리소스 파일</Filter>
    </Image>
    <Image Include="Assets\UI\HearthUp.png">
      <Filter>리소스 파일</Filter>
    </Image>
    <Image Include="Assets\UI\HP_FRAME.png">
      <Filter>리소스 파일</Filter>
    </Image>
    <Image Include="Assets\UI\HP_GAUGE.png">
      <Filter>리소스 파일</Filter>
    </Image>
    <Image Include="Assets\UI\hutress Logo.png">
      <Filter>리소스 파일</Filter>
    </Image>
    <Image Include="Assets\UI\hutress Logo2.png">
      <Filter>리소스 파일</Filter>
    </Image>
    <Image Include="Assets\UI\itemFrame.png">
      <Filter>리소스 파일</Filter>
    </Image>
    <Image Include="Assets\UI\Menu.png">
      <Filter>리소스 파일</Filter>
    </Image>
    <Image Include="Assets\UI\menubg.png">
      <Filter>리소스 파일</Filter>
    </Image>
    <Image Include="Assets\UI\move.png">
      <Filter>리소스 파일</Filter>
    </Image>
    <Image Include="Assets\UI\MOVE_GAUGE.png">
      <Filter>리소스 파일</Filter>
    </Image>
    <Image Include="Assets\UI\nomalize.png">
      <Filter>리소스 파일</Filter>
    </Image>
    <Image Include="Assets\UI\power.png">
      <Filter>리소스 파일</Filter>
    </Image>
    <Image Include="Assets\UI\POWER_GAUGE.png">
      <Filter>리소스 파일</Filter>
    </Image>
    <Image Include="Assets\UI\smallpotion.png">
      <Filter>리소스 파일</Filter>
    </Image>
    <Image Include="Assets\UI\START.png">
      <Filter>리소스 파일</Filter>
    </Image>
    <Image Include="Assets\UI\Storebg.png">
      <Filter>리소스 파일</Filter>
    </Image>
    <Image Include="Assets\UI\storeFrame.png">
      <Filter>리소스 파일</Filter>
    </Image>
    <Image Include="Assets\UI\UIBar.png">
      <Filter>리소스 파일</Filter>
    </Image>
    <Image Include="Assets\UI\windArrow.png">
      <Filter>리소스 파일</Filter>
    </Image>
  </ItemGroup>
  <ItemGroup>
    <Font Include="Assets\Arial-Italic.ttf" />
  </ItemGroup>
</Project>