<?xml version="1.0" encoding="utf-8"?>
<Project ToolsVersion="4.0" xmlns="http://schemas.microsoft.com/developer/msbuild/2003">
  <ItemGroup>
    <Filter Include="소스 파일">
      <UniqueIdentifier>{4FC737F1-C7A5-4376-A066-2A32D752A2FF}</UniqueIdentifier>
      <Extensions>cpp;c;cc;cxx;c++;cppm;ixx;def;odl;idl;hpj;bat;asm;asmx</Extensions>
    </Filter>
    <Filter Include="헤더 파일">
      <UniqueIdentifier>{93995380-89BD-4b04-88EB-625FBE52EBFB}</UniqueIdentifier>
      <Extensions>h;hh;hpp;hxx;h++;hm;inl;inc;ipp;xsd</Extensions>
    </Filter>
    <Filter Include="리소스 파일">
      <UniqueIdentifier>{67DA6AB6-F800-4c08-8B7A-83BB121AAD01}</UniqueIdentifier>
      <Extensions>rc;ico;cur;bmp;dlg;rc2;rct;bin;rgs;gif;jpg;jpeg;jpe;resx;tiff;tif;png;wav;mfcribbon-ms</Extensions>
    </Filter>
  </ItemGroup>
  <ItemGroup>
    <ClCompile Include="main.cpp">
      <Filter>소스 파일</Filter>
    </ClCompile>
    <ClCompile Include="GSM\GameStateManager.cpp">
      <Filter>소스 파일</Filter>
    </ClCompile>
    <ClCompile Include="GameObject\GameObject.cpp">
      <Filter>소스 파일</Filter>
    </ClCompile>
    <ClCompile Include="ComponentManager\LogicComponent.cpp">
      <Filter>소스 파일</Filter>
    </ClCompile>
    <ClCompile Include="Components\TransformComp.cpp">
      <Filter>소스 파일</Filter>
    </ClCompile>
    <ClCompile Include="Components\SpriteComp.cpp">
      <Filter>소스 파일</Filter>
    </ClCompile>
    <ClCompile Include="ComponentManager\GraphicComponent.cpp">
      <Filter>소스 파일</Filter>
    </ClCompile>
    <ClCompile Include="Components\PlayerComp.cpp">
      <Filter>소스 파일</Filter>
    </ClCompile>
    <ClCompile Include="Components\RigidbodyComp.cpp">
      <Filter>소스 파일</Filter>
    </ClCompile>
    <ClCompile Include="Components\AudioComp.cpp">
      <Filter>소스 파일</Filter>
    </ClCompile>
    <ClCompile Include="ComponentManager\EngineComponent.cpp">
      <Filter>소스 파일</Filter>
    </ClCompile>
    <ClCompile Include="EventManager\EventManager.cpp">
      <Filter>소스 파일</Filter>
    </ClCompile>
    <ClCompile Include="Event\Entity.cpp">
      <Filter>소스 파일</Filter>
    </ClCompile>
    <ClCompile Include="Event\Event.cpp">
      <Filter>소스 파일</Filter>
    </ClCompile>
    <ClCompile Include="Resource\Resource.cpp">
      <Filter>소스 파일</Filter>
    </ClCompile>
    <ClCompile Include="Resource\TextureResource.cpp">
      <Filter>소스 파일</Filter>
    </ClCompile>
    <ClCompile Include="ResourceManager\ResourceManager.cpp">
      <Filter>소스 파일</Filter>
    </ClCompile>
    <ClCompile Include="Resource\AudioResource.cpp">
      <Filter>소스 파일</Filter>
    </ClCompile>
    <ClCompile Include="RTTI\Registry.cpp">
      <Filter>소스 파일</Filter>
    </ClCompile>
    <ClCompile Include="Serializer\Serializer.cpp">
      <Filter>소스 파일</Filter>
    </ClCompile>
    <ClCompile Include="GameObjectManager\GameObejectManager.cpp">
      <Filter>소스 파일</Filter>
    </ClCompile>
    <ClCompile Include="Level\InitialLevel.cpp">
      <Filter>소스 파일</Filter>
    </ClCompile>
    <ClCompile Include="Level\EditLevel.cpp">
      <Filter>소스 파일</Filter>
    </ClCompile>
    <ClCompile Include="Prefab\Prefab.cpp">
      <Filter>소스 파일</Filter>
    </ClCompile>
    <ClCompile Include="CollisionManager\CollisionManager.cpp">
      <Filter>소스 파일</Filter>
    </ClCompile>
    <ClCompile Include="Components\AnimatorComp.cpp">
      <Filter>소스 파일</Filter>
    </ClCompile>
    <ClCompile Include="Animation\Animation.cpp">
      <Filter>소스 파일</Filter>
    </ClCompile>
    <ClCompile Include="Utils\Utils.cpp">
      <Filter>소스 파일</Filter>
    </ClCompile>
    <ClCompile Include="Components\EnemyComp.cpp">
      <Filter>소스 파일</Filter>
    </ClCompile>
    <ClCompile Include="Level\GameOver.cpp">
      <Filter>소스 파일</Filter>
    </ClCompile>
    <ClCompile Include="Level\GameClear.cpp">
      <Filter>소스 파일</Filter>
    </ClCompile>
  </ItemGroup>
  <ItemGroup>
    <ClInclude Include="GSM\GameStateManager.h">
      <Filter>헤더 파일</Filter>
    </ClInclude>
    <ClInclude Include="ComponentManager\BaseComponent.h">
      <Filter>헤더 파일</Filter>
    </ClInclude>
    <ClInclude Include="ComponentManager\ComponentManager.h">
      <Filter>헤더 파일</Filter>
    </ClInclude>
    <ClInclude Include="GameObject\GameObject.h">
      <Filter>헤더 파일</Filter>
    </ClInclude>
    <ClInclude Include="ComponentManager\LogicComponent.h">
      <Filter>헤더 파일</Filter>
    </ClInclude>
    <ClInclude Include="Components\TransformComp.h">
      <Filter>헤더 파일</Filter>
    </ClInclude>
    <ClInclude Include="Components\SpriteComp.h">
      <Filter>헤더 파일</Filter>
    </ClInclude>
    <ClInclude Include="ComponentManager\GraphicComponent.h">
      <Filter>헤더 파일</Filter>
    </ClInclude>
    <ClInclude Include="Components\PlayerComp.h">
      <Filter>헤더 파일</Filter>
    </ClInclude>
    <ClInclude Include="Components\RigidbodyComp.h">
      <Filter>헤더 파일</Filter>
    </ClInclude>
    <ClInclude Include="Components\AudioComp.h">
      <Filter>헤더 파일</Filter>
    </ClInclude>
    <ClInclude Include="ComponentManager\EngineComponent.h">
      <Filter>헤더 파일</Filter>
    </ClInclude>
    <ClInclude Include="EventManager\EventManager.h">
      <Filter>헤더 파일</Filter>
    </ClInclude>
    <ClInclude Include="Event\Event.h">
      <Filter>헤더 파일</Filter>
    </ClInclude>
    <ClInclude Include="Event\Entity.h">
      <Filter>헤더 파일</Filter>
    </ClInclude>
    <ClInclude Include="Event\CollisionEvent.h">
      <Filter>헤더 파일</Filter>
    </ClInclude>
    <ClInclude Include="ResourceManager\ResourceManager.h">
      <Filter>헤더 파일</Filter>
    </ClInclude>
    <ClInclude Include="Resource\Resource.h">
      <Filter>헤더 파일</Filter>
    </ClInclude>
    <ClInclude Include="Resource\TextureResource.h">
      <Filter>헤더 파일</Filter>
    </ClInclude>
    <ClInclude Include="Resource\AudioResource.h">
      <Filter>헤더 파일</Filter>
    </ClInclude>
    <ClInclude Include="RTTI\BaseRTTI.h">
      <Filter>헤더 파일</Filter>
    </ClInclude>
    <ClInclude Include="RTTI\Registry.h">
      <Filter>헤더 파일</Filter>
    </ClInclude>
    <ClInclude Include="Serializer\Serializer.h">
      <Filter>헤더 파일</Filter>
    </ClInclude>
    <ClInclude Include="GameObjectManager\GameObjectManager.h">
      <Filter>헤더 파일</Filter>
    </ClInclude>
    <ClInclude Include="Level\BaseLevel.h">
      <Filter>헤더 파일</Filter>
    </ClInclude>
    <ClInclude Include="Level\InitialLevel.h">
      <Filter>헤더 파일</Filter>
    </ClInclude>
    <ClInclude Include="Level\EditLevel.h">
      <Filter>헤더 파일</Filter>
    </ClInclude>
    <ClInclude Include="Prefab\Prefab.h">
      <Filter>헤더 파일</Filter>
    </ClInclude>
    <ClInclude Include="CollisionManager\CollisionManager.h">
      <Filter>헤더 파일</Filter>
    </ClInclude>
    <ClInclude Include="Components\AnimatorComp.h">
      <Filter>헤더 파일</Filter>
    </ClInclude>
    <ClInclude Include="Animation\Animation.h">
      <Filter>헤더 파일</Filter>
    </ClInclude>
    <ClInclude Include="Event\DestroyEvent.h">
      <Filter>헤더 파일</Filter>
    </ClInclude>
    <ClInclude Include="Utils\Utils.h">
      <Filter>헤더 파일</Filter>
    </ClInclude>
    <ClInclude Include="Map\Map.h">
      <Filter>헤더 파일</Filter>
    </ClInclude>
    <ClInclude Include="Components\EnemyComp.h">
      <Filter>헤더 파일</Filter>
    </ClInclude>
    <ClInclude Include="Utils\Size.h">
      <Filter>헤더 파일</Filter>
    </ClInclude>
    <ClInclude Include="Event\DeathEvent.h">
      <Filter>헤더 파일</Filter>
    </ClInclude>
    <ClInclude Include="Level\GameOver.h">
      <Filter>헤더 파일</Filter>
    </ClInclude>
    <ClInclude Include="Level\GameClear.h">
      <Filter>헤더 파일</Filter>
    </ClInclude>
    <ClInclude Include="Event\SuperModeEvent.h">
      <Filter>헤더 파일</Filter>
    </ClInclude>
    <ClInclude Include="Event\RestartEvent.h">
      <Filter>헤더 파일</Filter>
    </ClInclude>
  </ItemGroup>
  <ItemGroup>
    <None Include="ComponentManager\ComponentManager.inl">
      <Filter>헤더 파일</Filter>
    </None>
    <None Include="GameObject\GameObject.inl">
      <Filter>헤더 파일</Filter>
    </None>
    <None Include="cpp.hint" />
    <None Include="EventManager\EventManager.inl">
      <Filter>헤더 파일</Filter>
    </None>
    <None Include="ResourceManager\ResourceManager.inl">
      <Filter>헤더 파일</Filter>
    </None>
  </ItemGroup>
</Project>